
Microsoft Visual Studio Solution File, Format Version 12.00
# Visual Studio 2013
VisualStudioVersion = 12.0.21005.1
MinimumVisualStudioVersion = 10.0.40219.1
Project("{8BC9CEB8-8B4A-11D0-8D11-00A0C91BC942}") = "PAT1001_APlusBFormat", "PAT1001_APlusBFormat\PAT1001_APlusBFormat.vcxproj", "{6942F3F0-E059-46E5-8A2D-CADEFC962176}"
EndProject
Project("{8BC9CEB8-8B4A-11D0-8D11-00A0C91BC942}") = "PAT1002_A+BforPolynomials", "PAT1002_A+BforPolynomials\PAT1002_A+BforPolynomials.vcxproj", "{D6D55093-3D2B-4665-A75A-EC12C5B36EFA}"
EndProject
Project("{8BC9CEB8-8B4A-11D0-8D11-00A0C91BC942}") = "PAT1003_Emergency", "PAT1003_Emergency\PAT1003_Emergency.vcxproj", "{0B647B8E-AF26-4CF0-9790-6AFE6837A299}"
EndProject
Project("{8BC9CEB8-8B4A-11D0-8D11-00A0C91BC942}") = "PAT1004_CountingLeaves", "PAT1004_CountingLeaves\PAT1004_CountingLeaves.vcxproj", "{3345E5AF-D826-4EC0-B0ED-DA9A3B0D4080}"
EndProject
Project("{8BC9CEB8-8B4A-11D0-8D11-00A0C91BC942}") = "PAT1005_SpellItRight", "PAT1005_SpellItRight\PAT1005_SpellItRight.vcxproj", "{5177A692-D205-4931-AA8A-CB9F25405EF0}"
EndProject
Project("{8BC9CEB8-8B4A-11D0-8D11-00A0C91BC942}") = "PAT1006_SignInandSignOut", "PAT1006_SignInandSignOut\PAT1006_SignInandSignOut.vcxproj", "{8FD11978-B436-43EA-826C-3A34F17EC978}"
EndProject
Project("{8BC9CEB8-8B4A-11D0-8D11-00A0C91BC942}") = "PAT1007_MaximumSubsequenceSum", "PAT1007_MaximumSubsequenceSum\PAT1007_MaximumSubsequenceSum.vcxproj", "{56085289-695E-4939-95FD-9D5A8F04C9E3}"
EndProject
Project("{8BC9CEB8-8B4A-11D0-8D11-00A0C91BC942}") = "PAT1009_ProductofPolynomials", "PAT1009_ProductofPolynomials\PAT1009_ProductofPolynomials.vcxproj", "{B3D0E1DD-BDB5-4829-8CF9-A143A3C773A5}"
EndProject
Project("{8BC9CEB8-8B4A-11D0-8D11-00A0C91BC942}") = "PAT1008_Elevator", "PAT1008_Elevator\PAT1008_Elevator.vcxproj", "{908B3F26-CCE0-4F83-9F24-ED39331267D7}"
EndProject
Project("{8BC9CEB8-8B4A-11D0-8D11-00A0C91BC942}") = "PAT1010_Radix", "PAT1010_Radix\PAT1010_Radix.vcxproj", "{3AF28132-EE1F-404D-A708-1E0AC4787BFA}"
EndProject
Project("{8BC9CEB8-8B4A-11D0-8D11-00A0C91BC942}") = "PAT1011_WorldCupBetting", "PAT1011_WorldCupBetting\PAT1011_WorldCupBetting.vcxproj", "{08A8C300-418E-4AB9-8259-A2DAF2C8031D}"
EndProject
Project("{8BC9CEB8-8B4A-11D0-8D11-00A0C91BC942}") = "PAT1012._TheBestRank", "PAT1012._TheBestRank\PAT1012._TheBestRank.vcxproj", "{DC6FB71B-1D72-481E-83C8-2EF9B5FB05C7}"
EndProject
Project("{8BC9CEB8-8B4A-11D0-8D11-00A0C91BC942}") = "PAT1013_BattleOverCities", "PAT1013_BattleOverCities\PAT1013_BattleOverCities.vcxproj", "{BCF6E7E3-51DE-4869-B594-50EDF9DC141A}"
EndProject
Project("{8BC9CEB8-8B4A-11D0-8D11-00A0C91BC942}") = "PAT1015_ReversiblePrimes", "PAT1015_ReversiblePrimes\PAT1015_ReversiblePrimes.vcxproj", "{57C7DE3A-56E2-4C4D-8FC0-62ECC59FC364}"
EndProject
Project("{8BC9CEB8-8B4A-11D0-8D11-00A0C91BC942}") = "PAT1014_WaitinginLine", "PAT1014_WaitinginLine\PAT1014_WaitinginLine.vcxproj", "{7258ECE2-238F-4F63-9FFD-C5169F26FE2A}"
EndProject
Project("{8BC9CEB8-8B4A-11D0-8D11-00A0C91BC942}") = "PAT1017_QueueingatBank", "PAT1017_QueueingatBank\PAT1017_QueueingatBank.vcxproj", "{747AE28B-943B-4390-BB51-AFE31CC4C96F}"
EndProject
Project("{8BC9CEB8-8B4A-11D0-8D11-00A0C91BC942}") = "PAT1016_PhoneBills", "PAT1016_PhoneBills\PAT1016_PhoneBills.vcxproj", "{4C73DBB1-0F1D-474C-B2B1-5D56B1651C41}"
EndProject
Project("{8BC9CEB8-8B4A-11D0-8D11-00A0C91BC942}") = "PAT1019_GeneralPalindromicNumber", "PAT1019_GeneralPalindromicNumber\PAT1019_GeneralPalindromicNumber.vcxproj", "{A35F182E-62F5-4809-A775-DB7DFD03136D}"
EndProject
Project("{8BC9CEB8-8B4A-11D0-8D11-00A0C91BC942}") = "PAT1020_TreeTraversals", "PAT1020_TreeTraversals\PAT1020_TreeTraversals.vcxproj", "{1D7A94D2-0E0F-4D73-959F-30DFC894C4CF}"
EndProject
Project("{8BC9CEB8-8B4A-11D0-8D11-00A0C91BC942}") = "PAT1023_HaveFunwithNumbers", "PAT1023_HaveFunwithNumbers\PAT1023_HaveFunwithNumbers.vcxproj", "{BAF5EC53-E1B9-4A16-A66A-67C3DFB6CD5D}"
EndProject
Project("{8BC9CEB8-8B4A-11D0-8D11-00A0C91BC942}") = "PAT1024_PalindromicNumber", "PAT1024_PalindromicNumber\PAT1024_PalindromicNumber.vcxproj", "{22E53BD4-291D-4A81-9A82-4C10B5F92417}"
EndProject
Project("{8BC9CEB8-8B4A-11D0-8D11-00A0C91BC942}") = "PAT1025_PATRanking", "PAT1025_PATRanking\PAT1025_PATRanking.vcxproj", "{A887B993-5451-425E-BEE0-B991979A265A}"
EndProject
Project("{8BC9CEB8-8B4A-11D0-8D11-00A0C91BC942}") = "PAT1027_ColorsinMars", "PAT1027_ColorsinMars\PAT1027_ColorsinMars.vcxproj", "{36FD88F5-A044-4194-B2BC-B2B1EC1DAD5D}"
EndProject
Project("{8BC9CEB8-8B4A-11D0-8D11-00A0C91BC942}") = "PAT1026_TableTennis", "PAT1026_TableTennis\PAT1026_TableTennis.vcxproj", "{92257933-5C6B-4F24-B3F3-90C9C52A93DE}"
EndProject
Project("{8BC9CEB8-8B4A-11D0-8D11-00A0C91BC942}") = "PAT1028_ListSorting", "PAT1028_ListSorting\PAT1028_ListSorting.vcxproj", "{247FD652-349B-4538-970A-D16DE3CCDD44}"
EndProject
Project("{8BC9CEB8-8B4A-11D0-8D11-00A0C91BC942}") = "PAT1029_Median", "PAT1029_Median\PAT1029_Median.vcxproj", "{E767578B-B5DD-47EA-B0C2-BDD335F985F3}"
EndProject
Project("{8BC9CEB8-8B4A-11D0-8D11-00A0C91BC942}") = "PAT1031_HelloWorldforU", "PAT1031_HelloWorldforU\PAT1031_HelloWorldforU.vcxproj", "{E0CDB637-EFB2-450E-B45A-574C63F7D487}"
EndProject
Project("{8BC9CEB8-8B4A-11D0-8D11-00A0C91BC942}") = "PAT1032_Sharing", "PAT1032_Sharing\PAT1032_Sharing.vcxproj", "{2729EA5B-542D-47E8-82C5-458CB4CE30BB}"
EndProject
Project("{8BC9CEB8-8B4A-11D0-8D11-00A0C91BC942}") = "PAT1035_Password", "PAT1035_Password\PAT1035_Password.vcxproj", "{819067C7-AA59-4182-BD63-D1780991B230}"
EndProject
Project("{8BC9CEB8-8B4A-11D0-8D11-00A0C91BC942}") = "PAT1036_BoysVsGirls", "PAT1036_BoysVsGirls\PAT1036_BoysVsGirls.vcxproj", "{8BC75C73-8771-4207-A156-5AAC4B04AC9A}"
EndProject
Project("{8BC9CEB8-8B4A-11D0-8D11-00A0C91BC942}") = "PAT1037_MagicCoupon", "PAT1037_MagicCoupon\PAT1037_MagicCoupon.vcxproj", "{B3C22083-0C5E-4B64-BD4D-1CF8606578A8}"
EndProject
Project("{8BC9CEB8-8B4A-11D0-8D11-00A0C91BC942}") = "PAT1041_BeUnique", "PAT1041_BeUnique\PAT1041_BeUnique.vcxproj", "{5DECB1C6-B708-4D51-89B2-277C863B8F22}"
EndProject
Project("{8BC9CEB8-8B4A-11D0-8D11-00A0C91BC942}") = "PAT1039_CourseListforStudent", "PAT1039_CourseListforStudent\PAT1039_CourseListforStudent.vcxproj", "{41E9DE1B-AEE6-488E-B625-D6EDC8FFF90B}"
EndProject
Project("{8BC9CEB8-8B4A-11D0-8D11-00A0C91BC942}") = "PAT1040_LongestSymmetricString", "PAT1040_LongestSymmetricString\PAT1040_LongestSymmetricString.vcxproj", "{10F5BA9D-AD88-4D9E-98BE-2B25BA48E3C5}"
EndProject
Project("{8BC9CEB8-8B4A-11D0-8D11-00A0C91BC942}") = "PAT1042_ShufflingMachine", "PAT1042_ShufflingMachine\PAT1042_ShufflingMachine.vcxproj", "{7B491CA7-A96D-47FC-AB0E-BA435F5ADA0E}"
EndProject
Project("{8BC9CEB8-8B4A-11D0-8D11-00A0C91BC942}") = "PAT1044_ShoppingInMars", "PAT1044_ShoppingInMars\PAT1044_ShoppingInMars.vcxproj", "{DAFCC365-F001-48BD-AB0D-9B97BD5360E8}"
EndProject
Project("{8BC9CEB8-8B4A-11D0-8D11-00A0C91BC942}") = "PAT1046_ShortestDistance", "PAT1046_ShortestDistance\PAT1046_ShortestDistance.vcxproj", "{DD6F5A3E-3D4A-4EB9-A5E0-299E277E247D}"
EndProject
Project("{8BC9CEB8-8B4A-11D0-8D11-00A0C91BC942}") = "PAT1047_StudentListforCourse", "PAT1047_StudentListforCourse\PAT1047_StudentListforCourse.vcxproj", "{9A8EFF3D-FF6D-48FB-8379-EB369B596731}"
EndProject
Project("{8BC9CEB8-8B4A-11D0-8D11-00A0C91BC942}") = "PAT1048_FindCoins", "PAT1048_FindCoins\PAT1048_FindCoins.vcxproj", "{4A35B4B5-8188-468B-9C2C-D49CEA25168E}"
EndProject
Project("{8BC9CEB8-8B4A-11D0-8D11-00A0C91BC942}") = "PAT1050_StringSubtraction", "PAT1050_StringSubtraction\PAT1050_StringSubtraction.vcxproj", "{D70418BF-EC35-43DD-846A-C82EF33381E7}"
EndProject
Project("{8BC9CEB8-8B4A-11D0-8D11-00A0C91BC942}") = "PAT1051_PopSequence", "PAT1051_PopSequence\PAT1051_PopSequence.vcxproj", "{13341F85-0846-4ABB-B37A-5D5E4E6C3B46}"
EndProject
Project("{8BC9CEB8-8B4A-11D0-8D11-00A0C91BC942}") = "PAT1052_LinkedListSorting", "PAT1052_LinkedListSorting\PAT1052_LinkedListSorting.vcxproj", "{983CBB32-FC3F-4273-8D0F-3D6855F39D9B}"
EndProject
Project("{8BC9CEB8-8B4A-11D0-8D11-00A0C91BC942}") = "PAT1053_PathofEqualWeight", "PAT1053_PathofEqualWeight\PAT1053_PathofEqualWeight.vcxproj", "{19684462-99D0-4D67-AF6E-771F20A472F1}"
EndProject
Project("{8BC9CEB8-8B4A-11D0-8D11-00A0C91BC942}") = "PAT1054_TheDominantColor", "PAT1054_TheDominantColor\PAT1054_TheDominantColor.vcxproj", "{5F250685-68DB-4781-8186-E7812C4CB0FA}"
EndProject
Project("{8BC9CEB8-8B4A-11D0-8D11-00A0C91BC942}") = "PAT1055_TheWorld'sRichest", "PAT1055_TheWorld'sRichest\PAT1055_TheWorld'sRichest.vcxproj", "{986FFCD4-883B-412D-927A-24CF274DE4B2}"
EndProject
Project("{8BC9CEB8-8B4A-11D0-8D11-00A0C91BC942}") = "PAT1056_MiceandRice", "PAT1056_MiceandRice\PAT1056_MiceandRice.vcxproj", "{189124DC-1612-45CA-AE46-9C27E1B8CFC5}"
EndProject
Project("{8BC9CEB8-8B4A-11D0-8D11-00A0C91BC942}") = "PAT1058_A+BinHogwarts", "PAT1058_A+BinHogwarts\PAT1058_A+BinHogwarts.vcxproj", "{5278F511-3DB5-4901-9EA7-392A738D2CDA}"
EndProject
Project("{8BC9CEB8-8B4A-11D0-8D11-00A0C91BC942}") = "PAT1059_PrimeFactors", "PAT1059_PrimeFactors\PAT1059_PrimeFactors.vcxproj", "{BA71D472-FB41-4CC4-AA44-EB3BCCD8B4F9}"
EndProject
Project("{8BC9CEB8-8B4A-11D0-8D11-00A0C91BC942}") = "PAT1060_AreTheyEqual", "PAT1060_AreTheyEqual\PAT1060_AreTheyEqual.vcxproj", "{1E419929-F6F7-4522-9877-3AFCA268572B}"
EndProject
Project("{8BC9CEB8-8B4A-11D0-8D11-00A0C91BC942}") = "PAT1057_Stack", "PAT1057_Stack\PAT1057_Stack.vcxproj", "{B8AA9E38-7324-492C-9FC2-C87FDEE37775}"
EndProject
Project("{8BC9CEB8-8B4A-11D0-8D11-00A0C91BC942}") = "PAT1061_Dating", "PAT1061_Dating\PAT1061_Dating.vcxproj", "{B24E34C6-3E60-43A6-AC1F-DF30B0F1643D}"
EndProject
Project("{8BC9CEB8-8B4A-11D0-8D11-00A0C91BC942}") = "PAT1065_A+BandC(64bit)", "PAT1065_A+BandC(64bit)\PAT1065_A+BandC(64bit).vcxproj", "{6110CB9D-2767-456A-9989-ACA3EB0A4D3B}"
EndProject
Project("{8BC9CEB8-8B4A-11D0-8D11-00A0C91BC942}") = "PAT1062_TalentandVirtue", "PAT1062_TalentandVirtue\PAT1062_TalentandVirtue.vcxproj", "{5565AB04-5C6C-4ED8-8D19-BDD6A6CE966D}"
EndProject
Project("{8BC9CEB8-8B4A-11D0-8D11-00A0C91BC942}") = "PAT1063_SetSimilarity", "PAT1063_SetSimilarity\PAT1063_SetSimilarity.vcxproj", "{D3A07DFC-9A43-4F96-B609-F0E2CC8C775F}"
EndProject
Project("{8BC9CEB8-8B4A-11D0-8D11-00A0C91BC942}") = "PAT1064_CompleteBinarySearchTree", "PAT1064_CompleteBinarySearchTree\PAT1064_CompleteBinarySearchTree.vcxproj", "{D2709219-5A97-4C43-96C1-72922C9B7527}"
EndProject
Global
	GlobalSection(SolutionConfigurationPlatforms) = preSolution
		Debug|Win32 = Debug|Win32
		Release|Win32 = Release|Win32
	EndGlobalSection
	GlobalSection(ProjectConfigurationPlatforms) = postSolution
		{6942F3F0-E059-46E5-8A2D-CADEFC962176}.Debug|Win32.ActiveCfg = Debug|Win32
		{6942F3F0-E059-46E5-8A2D-CADEFC962176}.Debug|Win32.Build.0 = Debug|Win32
		{6942F3F0-E059-46E5-8A2D-CADEFC962176}.Release|Win32.ActiveCfg = Release|Win32
		{6942F3F0-E059-46E5-8A2D-CADEFC962176}.Release|Win32.Build.0 = Release|Win32
		{D6D55093-3D2B-4665-A75A-EC12C5B36EFA}.Debug|Win32.ActiveCfg = Debug|Win32
		{D6D55093-3D2B-4665-A75A-EC12C5B36EFA}.Debug|Win32.Build.0 = Debug|Win32
		{D6D55093-3D2B-4665-A75A-EC12C5B36EFA}.Release|Win32.ActiveCfg = Release|Win32
		{D6D55093-3D2B-4665-A75A-EC12C5B36EFA}.Release|Win32.Build.0 = Release|Win32
		{0B647B8E-AF26-4CF0-9790-6AFE6837A299}.Debug|Win32.ActiveCfg = Debug|Win32
		{0B647B8E-AF26-4CF0-9790-6AFE6837A299}.Debug|Win32.Build.0 = Debug|Win32
		{0B647B8E-AF26-4CF0-9790-6AFE6837A299}.Release|Win32.ActiveCfg = Release|Win32
		{0B647B8E-AF26-4CF0-9790-6AFE6837A299}.Release|Win32.Build.0 = Release|Win32
		{3345E5AF-D826-4EC0-B0ED-DA9A3B0D4080}.Debug|Win32.ActiveCfg = Debug|Win32
		{3345E5AF-D826-4EC0-B0ED-DA9A3B0D4080}.Debug|Win32.Build.0 = Debug|Win32
		{3345E5AF-D826-4EC0-B0ED-DA9A3B0D4080}.Release|Win32.ActiveCfg = Release|Win32
		{3345E5AF-D826-4EC0-B0ED-DA9A3B0D4080}.Release|Win32.Build.0 = Release|Win32
		{5177A692-D205-4931-AA8A-CB9F25405EF0}.Debug|Win32.ActiveCfg = Debug|Win32
		{5177A692-D205-4931-AA8A-CB9F25405EF0}.Debug|Win32.Build.0 = Debug|Win32
		{5177A692-D205-4931-AA8A-CB9F25405EF0}.Release|Win32.ActiveCfg = Release|Win32
		{5177A692-D205-4931-AA8A-CB9F25405EF0}.Release|Win32.Build.0 = Release|Win32
		{8FD11978-B436-43EA-826C-3A34F17EC978}.Debug|Win32.ActiveCfg = Debug|Win32
		{8FD11978-B436-43EA-826C-3A34F17EC978}.Debug|Win32.Build.0 = Debug|Win32
		{8FD11978-B436-43EA-826C-3A34F17EC978}.Release|Win32.ActiveCfg = Release|Win32
		{8FD11978-B436-43EA-826C-3A34F17EC978}.Release|Win32.Build.0 = Release|Win32
		{56085289-695E-4939-95FD-9D5A8F04C9E3}.Debug|Win32.ActiveCfg = Debug|Win32
		{56085289-695E-4939-95FD-9D5A8F04C9E3}.Debug|Win32.Build.0 = Debug|Win32
		{56085289-695E-4939-95FD-9D5A8F04C9E3}.Release|Win32.ActiveCfg = Release|Win32
		{56085289-695E-4939-95FD-9D5A8F04C9E3}.Release|Win32.Build.0 = Release|Win32
		{B3D0E1DD-BDB5-4829-8CF9-A143A3C773A5}.Debug|Win32.ActiveCfg = Debug|Win32
		{B3D0E1DD-BDB5-4829-8CF9-A143A3C773A5}.Debug|Win32.Build.0 = Debug|Win32
		{B3D0E1DD-BDB5-4829-8CF9-A143A3C773A5}.Release|Win32.ActiveCfg = Release|Win32
		{B3D0E1DD-BDB5-4829-8CF9-A143A3C773A5}.Release|Win32.Build.0 = Release|Win32
		{908B3F26-CCE0-4F83-9F24-ED39331267D7}.Debug|Win32.ActiveCfg = Debug|Win32
		{908B3F26-CCE0-4F83-9F24-ED39331267D7}.Debug|Win32.Build.0 = Debug|Win32
		{908B3F26-CCE0-4F83-9F24-ED39331267D7}.Release|Win32.ActiveCfg = Release|Win32
		{908B3F26-CCE0-4F83-9F24-ED39331267D7}.Release|Win32.Build.0 = Release|Win32
		{3AF28132-EE1F-404D-A708-1E0AC4787BFA}.Debug|Win32.ActiveCfg = Debug|Win32
		{3AF28132-EE1F-404D-A708-1E0AC4787BFA}.Debug|Win32.Build.0 = Debug|Win32
		{3AF28132-EE1F-404D-A708-1E0AC4787BFA}.Release|Win32.ActiveCfg = Release|Win32
		{3AF28132-EE1F-404D-A708-1E0AC4787BFA}.Release|Win32.Build.0 = Release|Win32
		{08A8C300-418E-4AB9-8259-A2DAF2C8031D}.Debug|Win32.ActiveCfg = Debug|Win32
		{08A8C300-418E-4AB9-8259-A2DAF2C8031D}.Debug|Win32.Build.0 = Debug|Win32
		{08A8C300-418E-4AB9-8259-A2DAF2C8031D}.Release|Win32.ActiveCfg = Release|Win32
		{08A8C300-418E-4AB9-8259-A2DAF2C8031D}.Release|Win32.Build.0 = Release|Win32
		{DC6FB71B-1D72-481E-83C8-2EF9B5FB05C7}.Debug|Win32.ActiveCfg = Debug|Win32
		{DC6FB71B-1D72-481E-83C8-2EF9B5FB05C7}.Debug|Win32.Build.0 = Debug|Win32
		{DC6FB71B-1D72-481E-83C8-2EF9B5FB05C7}.Release|Win32.ActiveCfg = Release|Win32
		{DC6FB71B-1D72-481E-83C8-2EF9B5FB05C7}.Release|Win32.Build.0 = Release|Win32
		{BCF6E7E3-51DE-4869-B594-50EDF9DC141A}.Debug|Win32.ActiveCfg = Debug|Win32
		{BCF6E7E3-51DE-4869-B594-50EDF9DC141A}.Debug|Win32.Build.0 = Debug|Win32
		{BCF6E7E3-51DE-4869-B594-50EDF9DC141A}.Release|Win32.ActiveCfg = Release|Win32
		{BCF6E7E3-51DE-4869-B594-50EDF9DC141A}.Release|Win32.Build.0 = Release|Win32
		{57C7DE3A-56E2-4C4D-8FC0-62ECC59FC364}.Debug|Win32.ActiveCfg = Debug|Win32
		{57C7DE3A-56E2-4C4D-8FC0-62ECC59FC364}.Debug|Win32.Build.0 = Debug|Win32
		{57C7DE3A-56E2-4C4D-8FC0-62ECC59FC364}.Release|Win32.ActiveCfg = Release|Win32
		{57C7DE3A-56E2-4C4D-8FC0-62ECC59FC364}.Release|Win32.Build.0 = Release|Win32
		{7258ECE2-238F-4F63-9FFD-C5169F26FE2A}.Debug|Win32.ActiveCfg = Debug|Win32
		{7258ECE2-238F-4F63-9FFD-C5169F26FE2A}.Debug|Win32.Build.0 = Debug|Win32
		{7258ECE2-238F-4F63-9FFD-C5169F26FE2A}.Release|Win32.ActiveCfg = Release|Win32
		{7258ECE2-238F-4F63-9FFD-C5169F26FE2A}.Release|Win32.Build.0 = Release|Win32
		{747AE28B-943B-4390-BB51-AFE31CC4C96F}.Debug|Win32.ActiveCfg = Debug|Win32
		{747AE28B-943B-4390-BB51-AFE31CC4C96F}.Debug|Win32.Build.0 = Debug|Win32
		{747AE28B-943B-4390-BB51-AFE31CC4C96F}.Release|Win32.ActiveCfg = Release|Win32
		{747AE28B-943B-4390-BB51-AFE31CC4C96F}.Release|Win32.Build.0 = Release|Win32
		{4C73DBB1-0F1D-474C-B2B1-5D56B1651C41}.Debug|Win32.ActiveCfg = Debug|Win32
		{4C73DBB1-0F1D-474C-B2B1-5D56B1651C41}.Debug|Win32.Build.0 = Debug|Win32
		{4C73DBB1-0F1D-474C-B2B1-5D56B1651C41}.Release|Win32.ActiveCfg = Release|Win32
		{4C73DBB1-0F1D-474C-B2B1-5D56B1651C41}.Release|Win32.Build.0 = Release|Win32
		{A35F182E-62F5-4809-A775-DB7DFD03136D}.Debug|Win32.ActiveCfg = Debug|Win32
		{A35F182E-62F5-4809-A775-DB7DFD03136D}.Debug|Win32.Build.0 = Debug|Win32
		{A35F182E-62F5-4809-A775-DB7DFD03136D}.Release|Win32.ActiveCfg = Release|Win32
		{A35F182E-62F5-4809-A775-DB7DFD03136D}.Release|Win32.Build.0 = Release|Win32
		{1D7A94D2-0E0F-4D73-959F-30DFC894C4CF}.Debug|Win32.ActiveCfg = Debug|Win32
		{1D7A94D2-0E0F-4D73-959F-30DFC894C4CF}.Debug|Win32.Build.0 = Debug|Win32
		{1D7A94D2-0E0F-4D73-959F-30DFC894C4CF}.Release|Win32.ActiveCfg = Release|Win32
		{1D7A94D2-0E0F-4D73-959F-30DFC894C4CF}.Release|Win32.Build.0 = Release|Win32
		{BAF5EC53-E1B9-4A16-A66A-67C3DFB6CD5D}.Debug|Win32.ActiveCfg = Debug|Win32
		{BAF5EC53-E1B9-4A16-A66A-67C3DFB6CD5D}.Debug|Win32.Build.0 = Debug|Win32
		{BAF5EC53-E1B9-4A16-A66A-67C3DFB6CD5D}.Release|Win32.ActiveCfg = Release|Win32
		{BAF5EC53-E1B9-4A16-A66A-67C3DFB6CD5D}.Release|Win32.Build.0 = Release|Win32
		{22E53BD4-291D-4A81-9A82-4C10B5F92417}.Debug|Win32.ActiveCfg = Debug|Win32
		{22E53BD4-291D-4A81-9A82-4C10B5F92417}.Debug|Win32.Build.0 = Debug|Win32
		{22E53BD4-291D-4A81-9A82-4C10B5F92417}.Release|Win32.ActiveCfg = Release|Win32
		{22E53BD4-291D-4A81-9A82-4C10B5F92417}.Release|Win32.Build.0 = Release|Win32
		{A887B993-5451-425E-BEE0-B991979A265A}.Debug|Win32.ActiveCfg = Debug|Win32
		{A887B993-5451-425E-BEE0-B991979A265A}.Debug|Win32.Build.0 = Debug|Win32
		{A887B993-5451-425E-BEE0-B991979A265A}.Release|Win32.ActiveCfg = Release|Win32
		{A887B993-5451-425E-BEE0-B991979A265A}.Release|Win32.Build.0 = Release|Win32
		{36FD88F5-A044-4194-B2BC-B2B1EC1DAD5D}.Debug|Win32.ActiveCfg = Debug|Win32
		{36FD88F5-A044-4194-B2BC-B2B1EC1DAD5D}.Debug|Win32.Build.0 = Debug|Win32
		{36FD88F5-A044-4194-B2BC-B2B1EC1DAD5D}.Release|Win32.ActiveCfg = Release|Win32
		{36FD88F5-A044-4194-B2BC-B2B1EC1DAD5D}.Release|Win32.Build.0 = Release|Win32
		{92257933-5C6B-4F24-B3F3-90C9C52A93DE}.Debug|Win32.ActiveCfg = Debug|Win32
		{92257933-5C6B-4F24-B3F3-90C9C52A93DE}.Debug|Win32.Build.0 = Debug|Win32
		{92257933-5C6B-4F24-B3F3-90C9C52A93DE}.Release|Win32.ActiveCfg = Release|Win32
		{92257933-5C6B-4F24-B3F3-90C9C52A93DE}.Release|Win32.Build.0 = Release|Win32
		{247FD652-349B-4538-970A-D16DE3CCDD44}.Debug|Win32.ActiveCfg = Debug|Win32
		{247FD652-349B-4538-970A-D16DE3CCDD44}.Debug|Win32.Build.0 = Debug|Win32
		{247FD652-349B-4538-970A-D16DE3CCDD44}.Release|Win32.ActiveCfg = Release|Win32
		{247FD652-349B-4538-970A-D16DE3CCDD44}.Release|Win32.Build.0 = Release|Win32
		{E767578B-B5DD-47EA-B0C2-BDD335F985F3}.Debug|Win32.ActiveCfg = Debug|Win32
		{E767578B-B5DD-47EA-B0C2-BDD335F985F3}.Debug|Win32.Build.0 = Debug|Win32
		{E767578B-B5DD-47EA-B0C2-BDD335F985F3}.Release|Win32.ActiveCfg = Release|Win32
		{E767578B-B5DD-47EA-B0C2-BDD335F985F3}.Release|Win32.Build.0 = Release|Win32
		{E0CDB637-EFB2-450E-B45A-574C63F7D487}.Debug|Win32.ActiveCfg = Debug|Win32
		{E0CDB637-EFB2-450E-B45A-574C63F7D487}.Debug|Win32.Build.0 = Debug|Win32
		{E0CDB637-EFB2-450E-B45A-574C63F7D487}.Release|Win32.ActiveCfg = Release|Win32
		{E0CDB637-EFB2-450E-B45A-574C63F7D487}.Release|Win32.Build.0 = Release|Win32
		{2729EA5B-542D-47E8-82C5-458CB4CE30BB}.Debug|Win32.ActiveCfg = Debug|Win32
		{2729EA5B-542D-47E8-82C5-458CB4CE30BB}.Debug|Win32.Build.0 = Debug|Win32
		{2729EA5B-542D-47E8-82C5-458CB4CE30BB}.Release|Win32.ActiveCfg = Release|Win32
		{2729EA5B-542D-47E8-82C5-458CB4CE30BB}.Release|Win32.Build.0 = Release|Win32
		{819067C7-AA59-4182-BD63-D1780991B230}.Debug|Win32.ActiveCfg = Debug|Win32
		{819067C7-AA59-4182-BD63-D1780991B230}.Debug|Win32.Build.0 = Debug|Win32
		{819067C7-AA59-4182-BD63-D1780991B230}.Release|Win32.ActiveCfg = Release|Win32
		{819067C7-AA59-4182-BD63-D1780991B230}.Release|Win32.Build.0 = Release|Win32
		{8BC75C73-8771-4207-A156-5AAC4B04AC9A}.Debug|Win32.ActiveCfg = Debug|Win32
		{8BC75C73-8771-4207-A156-5AAC4B04AC9A}.Debug|Win32.Build.0 = Debug|Win32
		{8BC75C73-8771-4207-A156-5AAC4B04AC9A}.Release|Win32.ActiveCfg = Release|Win32
		{8BC75C73-8771-4207-A156-5AAC4B04AC9A}.Release|Win32.Build.0 = Release|Win32
		{B3C22083-0C5E-4B64-BD4D-1CF8606578A8}.Debug|Win32.ActiveCfg = Debug|Win32
		{B3C22083-0C5E-4B64-BD4D-1CF8606578A8}.Debug|Win32.Build.0 = Debug|Win32
		{B3C22083-0C5E-4B64-BD4D-1CF8606578A8}.Release|Win32.ActiveCfg = Release|Win32
		{B3C22083-0C5E-4B64-BD4D-1CF8606578A8}.Release|Win32.Build.0 = Release|Win32
		{5DECB1C6-B708-4D51-89B2-277C863B8F22}.Debug|Win32.ActiveCfg = Debug|Win32
		{5DECB1C6-B708-4D51-89B2-277C863B8F22}.Debug|Win32.Build.0 = Debug|Win32
		{5DECB1C6-B708-4D51-89B2-277C863B8F22}.Release|Win32.ActiveCfg = Release|Win32
		{5DECB1C6-B708-4D51-89B2-277C863B8F22}.Release|Win32.Build.0 = Release|Win32
		{41E9DE1B-AEE6-488E-B625-D6EDC8FFF90B}.Debug|Win32.ActiveCfg = Debug|Win32
		{41E9DE1B-AEE6-488E-B625-D6EDC8FFF90B}.Debug|Win32.Build.0 = Debug|Win32
		{41E9DE1B-AEE6-488E-B625-D6EDC8FFF90B}.Release|Win32.ActiveCfg = Release|Win32
		{41E9DE1B-AEE6-488E-B625-D6EDC8FFF90B}.Release|Win32.Build.0 = Release|Win32
		{10F5BA9D-AD88-4D9E-98BE-2B25BA48E3C5}.Debug|Win32.ActiveCfg = Debug|Win32
		{10F5BA9D-AD88-4D9E-98BE-2B25BA48E3C5}.Debug|Win32.Build.0 = Debug|Win32
		{10F5BA9D-AD88-4D9E-98BE-2B25BA48E3C5}.Release|Win32.ActiveCfg = Release|Win32
		{10F5BA9D-AD88-4D9E-98BE-2B25BA48E3C5}.Release|Win32.Build.0 = Release|Win32
		{7B491CA7-A96D-47FC-AB0E-BA435F5ADA0E}.Debug|Win32.ActiveCfg = Debug|Win32
		{7B491CA7-A96D-47FC-AB0E-BA435F5ADA0E}.Debug|Win32.Build.0 = Debug|Win32
		{7B491CA7-A96D-47FC-AB0E-BA435F5ADA0E}.Release|Win32.ActiveCfg = Release|Win32
		{7B491CA7-A96D-47FC-AB0E-BA435F5ADA0E}.Release|Win32.Build.0 = Release|Win32
		{DAFCC365-F001-48BD-AB0D-9B97BD5360E8}.Debug|Win32.ActiveCfg = Debug|Win32
		{DAFCC365-F001-48BD-AB0D-9B97BD5360E8}.Debug|Win32.Build.0 = Debug|Win32
		{DAFCC365-F001-48BD-AB0D-9B97BD5360E8}.Release|Win32.ActiveCfg = Release|Win32
		{DAFCC365-F001-48BD-AB0D-9B97BD5360E8}.Release|Win32.Build.0 = Release|Win32
		{DD6F5A3E-3D4A-4EB9-A5E0-299E277E247D}.Debug|Win32.ActiveCfg = Debug|Win32
		{DD6F5A3E-3D4A-4EB9-A5E0-299E277E247D}.Debug|Win32.Build.0 = Debug|Win32
		{DD6F5A3E-3D4A-4EB9-A5E0-299E277E247D}.Release|Win32.ActiveCfg = Release|Win32
		{DD6F5A3E-3D4A-4EB9-A5E0-299E277E247D}.Release|Win32.Build.0 = Release|Win32
		{9A8EFF3D-FF6D-48FB-8379-EB369B596731}.Debug|Win32.ActiveCfg = Debug|Win32
		{9A8EFF3D-FF6D-48FB-8379-EB369B596731}.Debug|Win32.Build.0 = Debug|Win32
		{9A8EFF3D-FF6D-48FB-8379-EB369B596731}.Release|Win32.ActiveCfg = Release|Win32
		{9A8EFF3D-FF6D-48FB-8379-EB369B596731}.Release|Win32.Build.0 = Release|Win32
		{4A35B4B5-8188-468B-9C2C-D49CEA25168E}.Debug|Win32.ActiveCfg = Debug|Win32
		{4A35B4B5-8188-468B-9C2C-D49CEA25168E}.Debug|Win32.Build.0 = Debug|Win32
		{4A35B4B5-8188-468B-9C2C-D49CEA25168E}.Release|Win32.ActiveCfg = Release|Win32
		{4A35B4B5-8188-468B-9C2C-D49CEA25168E}.Release|Win32.Build.0 = Release|Win32
		{D70418BF-EC35-43DD-846A-C82EF33381E7}.Debug|Win32.ActiveCfg = Debug|Win32
		{D70418BF-EC35-43DD-846A-C82EF33381E7}.Debug|Win32.Build.0 = Debug|Win32
		{D70418BF-EC35-43DD-846A-C82EF33381E7}.Release|Win32.ActiveCfg = Release|Win32
		{D70418BF-EC35-43DD-846A-C82EF33381E7}.Release|Win32.Build.0 = Release|Win32
		{13341F85-0846-4ABB-B37A-5D5E4E6C3B46}.Debug|Win32.ActiveCfg = Debug|Win32
		{13341F85-0846-4ABB-B37A-5D5E4E6C3B46}.Debug|Win32.Build.0 = Debug|Win32
		{13341F85-0846-4ABB-B37A-5D5E4E6C3B46}.Release|Win32.ActiveCfg = Release|Win32
		{13341F85-0846-4ABB-B37A-5D5E4E6C3B46}.Release|Win32.Build.0 = Release|Win32
		{983CBB32-FC3F-4273-8D0F-3D6855F39D9B}.Debug|Win32.ActiveCfg = Debug|Win32
		{983CBB32-FC3F-4273-8D0F-3D6855F39D9B}.Debug|Win32.Build.0 = Debug|Win32
		{983CBB32-FC3F-4273-8D0F-3D6855F39D9B}.Release|Win32.ActiveCfg = Release|Win32
		{983CBB32-FC3F-4273-8D0F-3D6855F39D9B}.Release|Win32.Build.0 = Release|Win32
		{19684462-99D0-4D67-AF6E-771F20A472F1}.Debug|Win32.ActiveCfg = Debug|Win32
		{19684462-99D0-4D67-AF6E-771F20A472F1}.Debug|Win32.Build.0 = Debug|Win32
		{19684462-99D0-4D67-AF6E-771F20A472F1}.Release|Win32.ActiveCfg = Release|Win32
		{19684462-99D0-4D67-AF6E-771F20A472F1}.Release|Win32.Build.0 = Release|Win32
		{5F250685-68DB-4781-8186-E7812C4CB0FA}.Debug|Win32.ActiveCfg = Debug|Win32
		{5F250685-68DB-4781-8186-E7812C4CB0FA}.Debug|Win32.Build.0 = Debug|Win32
		{5F250685-68DB-4781-8186-E7812C4CB0FA}.Release|Win32.ActiveCfg = Release|Win32
		{5F250685-68DB-4781-8186-E7812C4CB0FA}.Release|Win32.Build.0 = Release|Win32
		{986FFCD4-883B-412D-927A-24CF274DE4B2}.Debug|Win32.ActiveCfg = Debug|Win32
		{986FFCD4-883B-412D-927A-24CF274DE4B2}.Debug|Win32.Build.0 = Debug|Win32
		{986FFCD4-883B-412D-927A-24CF274DE4B2}.Release|Win32.ActiveCfg = Release|Win32
		{986FFCD4-883B-412D-927A-24CF274DE4B2}.Release|Win32.Build.0 = Release|Win32
		{189124DC-1612-45CA-AE46-9C27E1B8CFC5}.Debug|Win32.ActiveCfg = Debug|Win32
		{189124DC-1612-45CA-AE46-9C27E1B8CFC5}.Debug|Win32.Build.0 = Debug|Win32
		{189124DC-1612-45CA-AE46-9C27E1B8CFC5}.Release|Win32.ActiveCfg = Release|Win32
		{189124DC-1612-45CA-AE46-9C27E1B8CFC5}.Release|Win32.Build.0 = Release|Win32
		{5278F511-3DB5-4901-9EA7-392A738D2CDA}.Debug|Win32.ActiveCfg = Debug|Win32
		{5278F511-3DB5-4901-9EA7-392A738D2CDA}.Debug|Win32.Build.0 = Debug|Win32
		{5278F511-3DB5-4901-9EA7-392A738D2CDA}.Release|Win32.ActiveCfg = Release|Win32
		{5278F511-3DB5-4901-9EA7-392A738D2CDA}.Release|Win32.Build.0 = Release|Win32
		{BA71D472-FB41-4CC4-AA44-EB3BCCD8B4F9}.Debug|Win32.ActiveCfg = Debug|Win32
		{BA71D472-FB41-4CC4-AA44-EB3BCCD8B4F9}.Debug|Win32.Build.0 = Debug|Win32
		{BA71D472-FB41-4CC4-AA44-EB3BCCD8B4F9}.Release|Win32.ActiveCfg = Release|Win32
		{BA71D472-FB41-4CC4-AA44-EB3BCCD8B4F9}.Release|Win32.Build.0 = Release|Win32
		{1E419929-F6F7-4522-9877-3AFCA268572B}.Debug|Win32.ActiveCfg = Debug|Win32
		{1E419929-F6F7-4522-9877-3AFCA268572B}.Debug|Win32.Build.0 = Debug|Win32
		{1E419929-F6F7-4522-9877-3AFCA268572B}.Release|Win32.ActiveCfg = Release|Win32
		{1E419929-F6F7-4522-9877-3AFCA268572B}.Release|Win32.Build.0 = Release|Win32
		{B8AA9E38-7324-492C-9FC2-C87FDEE37775}.Debug|Win32.ActiveCfg = Debug|Win32
		{B8AA9E38-7324-492C-9FC2-C87FDEE37775}.Debug|Win32.Build.0 = Debug|Win32
		{B8AA9E38-7324-492C-9FC2-C87FDEE37775}.Release|Win32.ActiveCfg = Release|Win32
		{B8AA9E38-7324-492C-9FC2-C87FDEE37775}.Release|Win32.Build.0 = Release|Win32
		{B24E34C6-3E60-43A6-AC1F-DF30B0F1643D}.Debug|Win32.ActiveCfg = Debug|Win32
		{B24E34C6-3E60-43A6-AC1F-DF30B0F1643D}.Debug|Win32.Build.0 = Debug|Win32
		{B24E34C6-3E60-43A6-AC1F-DF30B0F1643D}.Release|Win32.ActiveCfg = Release|Win32
		{B24E34C6-3E60-43A6-AC1F-DF30B0F1643D}.Release|Win32.Build.0 = Release|Win32
		{6110CB9D-2767-456A-9989-ACA3EB0A4D3B}.Debug|Win32.ActiveCfg = Debug|Win32
		{6110CB9D-2767-456A-9989-ACA3EB0A4D3B}.Debug|Win32.Build.0 = Debug|Win32
		{6110CB9D-2767-456A-9989-ACA3EB0A4D3B}.Release|Win32.ActiveCfg = Release|Win32
		{6110CB9D-2767-456A-9989-ACA3EB0A4D3B}.Release|Win32.Build.0 = Release|Win32
		{5565AB04-5C6C-4ED8-8D19-BDD6A6CE966D}.Debug|Win32.ActiveCfg = Debug|Win32
		{5565AB04-5C6C-4ED8-8D19-BDD6A6CE966D}.Debug|Win32.Build.0 = Debug|Win32
		{5565AB04-5C6C-4ED8-8D19-BDD6A6CE966D}.Release|Win32.ActiveCfg = Release|Win32
		{5565AB04-5C6C-4ED8-8D19-BDD6A6CE966D}.Release|Win32.Build.0 = Release|Win32
		{D3A07DFC-9A43-4F96-B609-F0E2CC8C775F}.Debug|Win32.ActiveCfg = Debug|Win32
		{D3A07DFC-9A43-4F96-B609-F0E2CC8C775F}.Debug|Win32.Build.0 = Debug|Win32
		{D3A07DFC-9A43-4F96-B609-F0E2CC8C775F}.Release|Win32.ActiveCfg = Release|Win32
		{D3A07DFC-9A43-4F96-B609-F0E2CC8C775F}.Release|Win32.Build.0 = Release|Win32
		{D2709219-5A97-4C43-96C1-72922C9B7527}.Debug|Win32.ActiveCfg = Debug|Win32
		{D2709219-5A97-4C43-96C1-72922C9B7527}.Debug|Win32.Build.0 = Debug|Win32
		{D2709219-5A97-4C43-96C1-72922C9B7527}.Release|Win32.ActiveCfg = Release|Win32
		{D2709219-5A97-4C43-96C1-72922C9B7527}.Release|Win32.Build.0 = Release|Win32
	EndGlobalSection
	GlobalSection(SolutionProperties) = preSolution
		HideSolutionNode = FALSE
	EndGlobalSection
EndGlobal
