
Microsoft Visual Studio Solution File, Format Version 12.00
# Visual Studio 2013
VisualStudioVersion = 12.0.21005.1
MinimumVisualStudioVersion = 10.0.40219.1
Project("{8BC9CEB8-8B4A-11D0-8D11-00A0C91BC942}") = "PAT1001_APlusBFormat", "PAT1001_APlusBFormat\PAT1001_APlusBFormat.vcxproj", "{6942F3F0-E059-46E5-8A2D-CADEFC962176}"
EndProject
Project("{8BC9CEB8-8B4A-11D0-8D11-00A0C91BC942}") = "PAT1002_A+BforPolynomials", "PAT1002_A+BforPolynomials\PAT1002_A+BforPolynomials.vcxproj", "{D6D55093-3D2B-4665-A75A-EC12C5B36EFA}"
EndProject
Project("{8BC9CEB8-8B4A-11D0-8D11-00A0C91BC942}") = "PAT1003_Emergency", "PAT1003_Emergency\PAT1003_Emergency.vcxproj", "{0B647B8E-AF26-4CF0-9790-6AFE6837A299}"
EndProject
Project("{8BC9CEB8-8B4A-11D0-8D11-00A0C91BC942}") = "PAT1004_CountingLeaves", "PAT1004_CountingLeaves\PAT1004_CountingLeaves.vcxproj", "{3345E5AF-D826-4EC0-B0ED-DA9A3B0D4080}"
EndProject
Project("{8BC9CEB8-8B4A-11D0-8D11-00A0C91BC942}") = "PAT1005_SpellItRight", "PAT1005_SpellItRight\PAT1005_SpellItRight.vcxproj", "{5177A692-D205-4931-AA8A-CB9F25405EF0}"
EndProject
Project("{8BC9CEB8-8B4A-11D0-8D11-00A0C91BC942}") = "PAT1006_SignInandSignOut", "PAT1006_SignInandSignOut\PAT1006_SignInandSignOut.vcxproj", "{8FD11978-B436-43EA-826C-3A34F17EC978}"
EndProject
Project("{8BC9CEB8-8B4A-11D0-8D11-00A0C91BC942}") = "PAT1007_MaximumSubsequenceSum", "PAT1007_MaximumSubsequenceSum\PAT1007_MaximumSubsequenceSum.vcxproj", "{56085289-695E-4939-95FD-9D5A8F04C9E3}"
EndProject
Project("{8BC9CEB8-8B4A-11D0-8D11-00A0C91BC942}") = "PAT1009_ProductofPolynomials", "PAT1009_ProductofPolynomials\PAT1009_ProductofPolynomials.vcxproj", "{B3D0E1DD-BDB5-4829-8CF9-A143A3C773A5}"
EndProject
Project("{8BC9CEB8-8B4A-11D0-8D11-00A0C91BC942}") = "PAT1008_Elevator", "PAT1008_Elevator\PAT1008_Elevator.vcxproj", "{908B3F26-CCE0-4F83-9F24-ED39331267D7}"
EndProject
Project("{8BC9CEB8-8B4A-11D0-8D11-00A0C91BC942}") = "PAT1010_Radix", "PAT1010_Radix\PAT1010_Radix.vcxproj", "{3AF28132-EE1F-404D-A708-1E0AC4787BFA}"
EndProject
Project("{8BC9CEB8-8B4A-11D0-8D11-00A0C91BC942}") = "PAT1011_WorldCupBetting", "PAT1011_WorldCupBetting\PAT1011_WorldCupBetting.vcxproj", "{08A8C300-418E-4AB9-8259-A2DAF2C8031D}"
EndProject
Project("{8BC9CEB8-8B4A-11D0-8D11-00A0C91BC942}") = "PAT1012._TheBestRank", "PAT1012._TheBestRank\PAT1012._TheBestRank.vcxproj", "{DC6FB71B-1D72-481E-83C8-2EF9B5FB05C7}"
EndProject
Project("{8BC9CEB8-8B4A-11D0-8D11-00A0C91BC942}") = "PAT1013_BattleOverCities", "PAT1013_BattleOverCities\PAT1013_BattleOverCities.vcxproj", "{BCF6E7E3-51DE-4869-B594-50EDF9DC141A}"
EndProject
Project("{8BC9CEB8-8B4A-11D0-8D11-00A0C91BC942}") = "PAT1015_ReversiblePrimes", "PAT1015_ReversiblePrimes\PAT1015_ReversiblePrimes.vcxproj", "{57C7DE3A-56E2-4C4D-8FC0-62ECC59FC364}"
EndProject
Project("{8BC9CEB8-8B4A-11D0-8D11-00A0C91BC942}") = "PAT1014_WaitinginLine", "PAT1014_WaitinginLine\PAT1014_WaitinginLine.vcxproj", "{7258ECE2-238F-4F63-9FFD-C5169F26FE2A}"
EndProject
Project("{8BC9CEB8-8B4A-11D0-8D11-00A0C91BC942}") = "PAT1017_QueueingatBank", "PAT1017_QueueingatBank\PAT1017_QueueingatBank.vcxproj", "{747AE28B-943B-4390-BB51-AFE31CC4C96F}"
EndProject
Global
	GlobalSection(SolutionConfigurationPlatforms) = preSolution
		Debug|Win32 = Debug|Win32
		Release|Win32 = Release|Win32
	EndGlobalSection
	GlobalSection(ProjectConfigurationPlatforms) = postSolution
		{6942F3F0-E059-46E5-8A2D-CADEFC962176}.Debug|Win32.ActiveCfg = Debug|Win32
		{6942F3F0-E059-46E5-8A2D-CADEFC962176}.Debug|Win32.Build.0 = Debug|Win32
		{6942F3F0-E059-46E5-8A2D-CADEFC962176}.Release|Win32.ActiveCfg = Release|Win32
		{6942F3F0-E059-46E5-8A2D-CADEFC962176}.Release|Win32.Build.0 = Release|Win32
		{D6D55093-3D2B-4665-A75A-EC12C5B36EFA}.Debug|Win32.ActiveCfg = Debug|Win32
		{D6D55093-3D2B-4665-A75A-EC12C5B36EFA}.Debug|Win32.Build.0 = Debug|Win32
		{D6D55093-3D2B-4665-A75A-EC12C5B36EFA}.Release|Win32.ActiveCfg = Release|Win32
		{D6D55093-3D2B-4665-A75A-EC12C5B36EFA}.Release|Win32.Build.0 = Release|Win32
		{0B647B8E-AF26-4CF0-9790-6AFE6837A299}.Debug|Win32.ActiveCfg = Debug|Win32
		{0B647B8E-AF26-4CF0-9790-6AFE6837A299}.Debug|Win32.Build.0 = Debug|Win32
		{0B647B8E-AF26-4CF0-9790-6AFE6837A299}.Release|Win32.ActiveCfg = Release|Win32
		{0B647B8E-AF26-4CF0-9790-6AFE6837A299}.Release|Win32.Build.0 = Release|Win32
		{3345E5AF-D826-4EC0-B0ED-DA9A3B0D4080}.Debug|Win32.ActiveCfg = Debug|Win32
		{3345E5AF-D826-4EC0-B0ED-DA9A3B0D4080}.Debug|Win32.Build.0 = Debug|Win32
		{3345E5AF-D826-4EC0-B0ED-DA9A3B0D4080}.Release|Win32.ActiveCfg = Release|Win32
		{3345E5AF-D826-4EC0-B0ED-DA9A3B0D4080}.Release|Win32.Build.0 = Release|Win32
		{5177A692-D205-4931-AA8A-CB9F25405EF0}.Debug|Win32.ActiveCfg = Debug|Win32
		{5177A692-D205-4931-AA8A-CB9F25405EF0}.Debug|Win32.Build.0 = Debug|Win32
		{5177A692-D205-4931-AA8A-CB9F25405EF0}.Release|Win32.ActiveCfg = Release|Win32
		{5177A692-D205-4931-AA8A-CB9F25405EF0}.Release|Win32.Build.0 = Release|Win32
		{8FD11978-B436-43EA-826C-3A34F17EC978}.Debug|Win32.ActiveCfg = Debug|Win32
		{8FD11978-B436-43EA-826C-3A34F17EC978}.Debug|Win32.Build.0 = Debug|Win32
		{8FD11978-B436-43EA-826C-3A34F17EC978}.Release|Win32.ActiveCfg = Release|Win32
		{8FD11978-B436-43EA-826C-3A34F17EC978}.Release|Win32.Build.0 = Release|Win32
		{56085289-695E-4939-95FD-9D5A8F04C9E3}.Debug|Win32.ActiveCfg = Debug|Win32
		{56085289-695E-4939-95FD-9D5A8F04C9E3}.Debug|Win32.Build.0 = Debug|Win32
		{56085289-695E-4939-95FD-9D5A8F04C9E3}.Release|Win32.ActiveCfg = Release|Win32
		{56085289-695E-4939-95FD-9D5A8F04C9E3}.Release|Win32.Build.0 = Release|Win32
		{B3D0E1DD-BDB5-4829-8CF9-A143A3C773A5}.Debug|Win32.ActiveCfg = Debug|Win32
		{B3D0E1DD-BDB5-4829-8CF9-A143A3C773A5}.Debug|Win32.Build.0 = Debug|Win32
		{B3D0E1DD-BDB5-4829-8CF9-A143A3C773A5}.Release|Win32.ActiveCfg = Release|Win32
		{B3D0E1DD-BDB5-4829-8CF9-A143A3C773A5}.Release|Win32.Build.0 = Release|Win32
		{908B3F26-CCE0-4F83-9F24-ED39331267D7}.Debug|Win32.ActiveCfg = Debug|Win32
		{908B3F26-CCE0-4F83-9F24-ED39331267D7}.Debug|Win32.Build.0 = Debug|Win32
		{908B3F26-CCE0-4F83-9F24-ED39331267D7}.Release|Win32.ActiveCfg = Release|Win32
		{908B3F26-CCE0-4F83-9F24-ED39331267D7}.Release|Win32.Build.0 = Release|Win32
		{3AF28132-EE1F-404D-A708-1E0AC4787BFA}.Debug|Win32.ActiveCfg = Debug|Win32
		{3AF28132-EE1F-404D-A708-1E0AC4787BFA}.Debug|Win32.Build.0 = Debug|Win32
		{3AF28132-EE1F-404D-A708-1E0AC4787BFA}.Release|Win32.ActiveCfg = Release|Win32
		{3AF28132-EE1F-404D-A708-1E0AC4787BFA}.Release|Win32.Build.0 = Release|Win32
		{08A8C300-418E-4AB9-8259-A2DAF2C8031D}.Debug|Win32.ActiveCfg = Debug|Win32
		{08A8C300-418E-4AB9-8259-A2DAF2C8031D}.Debug|Win32.Build.0 = Debug|Win32
		{08A8C300-418E-4AB9-8259-A2DAF2C8031D}.Release|Win32.ActiveCfg = Release|Win32
		{08A8C300-418E-4AB9-8259-A2DAF2C8031D}.Release|Win32.Build.0 = Release|Win32
		{DC6FB71B-1D72-481E-83C8-2EF9B5FB05C7}.Debug|Win32.ActiveCfg = Debug|Win32
		{DC6FB71B-1D72-481E-83C8-2EF9B5FB05C7}.Debug|Win32.Build.0 = Debug|Win32
		{DC6FB71B-1D72-481E-83C8-2EF9B5FB05C7}.Release|Win32.ActiveCfg = Release|Win32
		{DC6FB71B-1D72-481E-83C8-2EF9B5FB05C7}.Release|Win32.Build.0 = Release|Win32
		{BCF6E7E3-51DE-4869-B594-50EDF9DC141A}.Debug|Win32.ActiveCfg = Debug|Win32
		{BCF6E7E3-51DE-4869-B594-50EDF9DC141A}.Debug|Win32.Build.0 = Debug|Win32
		{BCF6E7E3-51DE-4869-B594-50EDF9DC141A}.Release|Win32.ActiveCfg = Release|Win32
		{BCF6E7E3-51DE-4869-B594-50EDF9DC141A}.Release|Win32.Build.0 = Release|Win32
		{57C7DE3A-56E2-4C4D-8FC0-62ECC59FC364}.Debug|Win32.ActiveCfg = Debug|Win32
		{57C7DE3A-56E2-4C4D-8FC0-62ECC59FC364}.Debug|Win32.Build.0 = Debug|Win32
		{57C7DE3A-56E2-4C4D-8FC0-62ECC59FC364}.Release|Win32.ActiveCfg = Release|Win32
		{57C7DE3A-56E2-4C4D-8FC0-62ECC59FC364}.Release|Win32.Build.0 = Release|Win32
		{7258ECE2-238F-4F63-9FFD-C5169F26FE2A}.Debug|Win32.ActiveCfg = Debug|Win32
		{7258ECE2-238F-4F63-9FFD-C5169F26FE2A}.Debug|Win32.Build.0 = Debug|Win32
		{7258ECE2-238F-4F63-9FFD-C5169F26FE2A}.Release|Win32.ActiveCfg = Release|Win32
		{7258ECE2-238F-4F63-9FFD-C5169F26FE2A}.Release|Win32.Build.0 = Release|Win32
		{747AE28B-943B-4390-BB51-AFE31CC4C96F}.Debug|Win32.ActiveCfg = Debug|Win32
		{747AE28B-943B-4390-BB51-AFE31CC4C96F}.Debug|Win32.Build.0 = Debug|Win32
		{747AE28B-943B-4390-BB51-AFE31CC4C96F}.Release|Win32.ActiveCfg = Release|Win32
		{747AE28B-943B-4390-BB51-AFE31CC4C96F}.Release|Win32.Build.0 = Release|Win32
	EndGlobalSection
	GlobalSection(SolutionProperties) = preSolution
		HideSolutionNode = FALSE
	EndGlobalSection
EndGlobal
